
Microsoft Visual Studio Solution File, Format Version 12.00
# Visual Studio 15
VisualStudioVersion = 15.0.27428.2011
MinimumVisualStudioVersion = 10.0.40219.1
Project("{9A19103F-16F7-4668-BE54-9A1E7A4F7556}") = "ThinkNoteBackEnd", "ThinkNoteBackEnd.csproj", "{8DBA2521-8AF5-4FFA-92DA-E905D6FF020F}"
EndProject
Project("{9A19103F-16F7-4668-BE54-9A1E7A4F7556}") = "ThinkNoteBackEnd.MainTest", "..\..\test\ThinkNoteBackEnd.MainTest\ThinkNoteBackEnd.MainTest.csproj", "{515962E1-EEAB-49BD-9674-F0E68E7C8B4C}"
EndProject
Global
	GlobalSection(SolutionConfigurationPlatforms) = preSolution
		Debug|Any CPU = Debug|Any CPU
		Release|Any CPU = Release|Any CPU
	EndGlobalSection
	GlobalSection(ProjectConfigurationPlatforms) = postSolution
		{8DBA2521-8AF5-4FFA-92DA-E905D6FF020F}.Debug|Any CPU.ActiveCfg = Debug|Any CPU
		{8DBA2521-8AF5-4FFA-92DA-E905D6FF020F}.Debug|Any CPU.Build.0 = Debug|Any CPU
		{8DBA2521-8AF5-4FFA-92DA-E905D6FF020F}.Release|Any CPU.ActiveCfg = Release|Any CPU
		{8DBA2521-8AF5-4FFA-92DA-E905D6FF020F}.Release|Any CPU.Build.0 = Release|Any CPU
		{515962E1-EEAB-49BD-9674-F0E68E7C8B4C}.Debug|Any CPU.ActiveCfg = Debug|Any CPU
		{515962E1-EEAB-49BD-9674-F0E68E7C8B4C}.Debug|Any CPU.Build.0 = Debug|Any CPU
		{515962E1-EEAB-49BD-9674-F0E68E7C8B4C}.Release|Any CPU.ActiveCfg = Release|Any CPU
		{515962E1-EEAB-49BD-9674-F0E68E7C8B4C}.Release|Any CPU.Build.0 = Release|Any CPU
	EndGlobalSection
	GlobalSection(SolutionProperties) = preSolution
		HideSolutionNode = FALSE
	EndGlobalSection
	GlobalSection(ExtensibilityGlobals) = postSolution
		SolutionGuid = {11123D67-67DA-4615-93D5-EFAD12B8AF7C}
	EndGlobalSection
EndGlobal
